
Microsoft Visual Studio Solution File, Format Version 12.00
# Visual Studio Version 17
VisualStudioVersion = 17.14.36301.6 d17.14
MinimumVisualStudioVersion = 10.0.40219.1
Project("{54A90642-561A-4BB1-A94E-469ADEE60C69}") = "royalbidz.client", "royalbidz.client\royalbidz.client.esproj", "{6E365278-1272-ABA1-F8D7-D60BCB76D88D}"
EndProject
Project("{FAE04EC0-301F-11D3-BF4B-00C04F79EFBC}") = "RoyalBidz.Server", "RoyalBidz.Server\RoyalBidz.Server.csproj", "{3139ABDF-8074-431F-AC3A-1B142CD91655}"
EndProject
Global
	GlobalSection(SolutionConfigurationPlatforms) = preSolution
		Debug|Any CPU = Debug|Any CPU
		Release|Any CPU = Release|Any CPU
	EndGlobalSection
	GlobalSection(ProjectConfigurationPlatforms) = postSolution
		{6E365278-1272-ABA1-F8D7-D60BCB76D88D}.Debug|Any CPU.ActiveCfg = Debug|Any CPU
		{6E365278-1272-ABA1-F8D7-D60BCB76D88D}.Debug|Any CPU.Build.0 = Debug|Any CPU
		{6E365278-1272-ABA1-F8D7-D60BCB76D88D}.Debug|Any CPU.Deploy.0 = Debug|Any CPU
		{6E365278-1272-ABA1-F8D7-D60BCB76D88D}.Release|Any CPU.ActiveCfg = Release|Any CPU
		{6E365278-1272-ABA1-F8D7-D60BCB76D88D}.Release|Any CPU.Build.0 = Release|Any CPU
		{6E365278-1272-ABA1-F8D7-D60BCB76D88D}.Release|Any CPU.Deploy.0 = Release|Any CPU
		{3139ABDF-8074-431F-AC3A-1B142CD91655}.Debug|Any CPU.ActiveCfg = Debug|Any CPU
		{3139ABDF-8074-431F-AC3A-1B142CD91655}.Debug|Any CPU.Build.0 = Debug|Any CPU
		{3139ABDF-8074-431F-AC3A-1B142CD91655}.Release|Any CPU.ActiveCfg = Release|Any CPU
		{3139ABDF-8074-431F-AC3A-1B142CD91655}.Release|Any CPU.Build.0 = Release|Any CPU
	EndGlobalSection
	GlobalSection(SolutionProperties) = preSolution
		HideSolutionNode = FALSE
	EndGlobalSection
	GlobalSection(ExtensibilityGlobals) = postSolution
		SolutionGuid = {B172BB22-9F32-4950-9AE8-35A318A88023}
	EndGlobalSection
EndGlobal
